{
  "name": "stencil-starter-project-name",
  "version": "0.0.1",
  "lockfileVersion": 1,
  "requires": true,
  "dependencies": {
    "@ionic/core": {
      "version": "5.9.3",
      "resolved": "https://registry.npmjs.org/@ionic/core/-/core-5.9.3.tgz",
      "integrity": "sha512-WM50vVxAAw+MQYqWXKUK4usBgkr7iQ9UWSb6t59mG4ZSy/fPAb7ZIdAjxY0U5i1ykk6A7Ur4B9ZJMpC/a7nnug==",
      "dev": true,
      "requires": {
        "@stencil/core": "^2.4.0",
        "ionicons": "^5.5.3",
        "tslib": "^2.1.0"
      },
      "dependencies": {
        "@stencil/core": {
          "version": "2.14.0",
          "resolved": "https://registry.npmjs.org/@stencil/core/-/core-2.14.0.tgz",
          "integrity": "sha512-tiGFK9VADoHJvAZoTHN/c6YBaTzB5+V3aTn7CzjPxIqryjh3jCUlMP4VDvzkrnVWjhj8Fa82zMWdePgr/xoyOw==",
          "dev": true
        }
      }
    },
    "@stencil/core": {
      "version": "2.0.1",
      "resolved": "https://registry.npmjs.org/@stencil/core/-/core-2.0.1.tgz",
      "integrity": "sha512-LJahm4BjP+6hD35MXyk7kiZWopBGCf3tCYtJELVejUOj7GEzTx3rRNeK2wZkn/D3D68du8SFnU0nD3FpaBzyZA==",
      "dev": true
    },
    "ionicons": {
      "version": "5.5.4",
      "resolved": "https://registry.npmjs.org/ionicons/-/ionicons-5.5.4.tgz",
      "integrity": "sha512-3ph8X9my3inhabWEZ7N0XRA0MnnNQ1v9a602mLNgWsIXnxE9G5BybIZ/pws/OZZ/hoNlvSjk801N03yL9/FNgQ==",
      "dev": true,
      "requires": {
        "@stencil/core": "~2.10.0"
      },
      "dependencies": {
        "@stencil/core": {
          "version": "2.10.0",
          "resolved": "https://registry.npmjs.org/@stencil/core/-/core-2.10.0.tgz",
          "integrity": "sha512-15rWMTPQ/sp0lSV82HVCXkIya3QLN+uBl7pqK4JnTrp4HiLrzLmNbWjbvgCs55gw0lULbCIGbRIEsFz+Pe/Q+A==",
          "dev": true
        }
      }
    },
    "tslib": {
      "version": "2.3.1",
      "resolved": "https://registry.npmjs.org/tslib/-/tslib-2.3.1.tgz",
      "integrity": "sha512-77EbyPPpMz+FRFRuAFlWMtmgUWGe9UOG2Z25NqCwiIjRhOf5iKGuzSe5P2w1laq+FkRy4p+PCuVkJSGkzTEKVw==",
      "dev": true
    }
  }
}
